
Microsoft Visual Studio Solution File, Format Version 12.00
Project("{F2A71F9B-5D33-465A-A702-920D77279786}") = "EasyDashboard.Api", "EasyDashboard.Api\EasyDashboard.Api.fsproj", "{098360ED-0C0A-457A-BE7E-D2B48E24FD1C}"
EndProject
Project("{F2A71F9B-5D33-465A-A702-920D77279786}") = "EasyDashboard.Host", "EasyDashboard.Host\EasyDashboard.Host.fsproj", "{790D9566-5E97-4753-89B0-BB781491CAE3}"
EndProject
Project("{F2A71F9B-5D33-465A-A702-920D77279786}") = "EasyDashboard.Domain", "EasyDashboard.Domain\EasyDashboard.Domain.fsproj", "{2E18FF77-08F6-4C75-9944-69F05C74E73A}"
EndProject
Project("{F2A71F9B-5D33-465A-A702-920D77279786}") = "EasyDashboard.CheckEngine", "EasyDashboard.CheckEngine\EasyDashboard.CheckEngine.fsproj", "{0EA1172B-9E20-4D8B-ABB1-0880FB54333C}"
EndProject
Project("{F2A71F9B-5D33-465A-A702-920D77279786}") = "EasyDashboard.DemoService", "..\demo\EasyDashboard.DemoService\EasyDashboard.DemoService.fsproj", "{65CD447C-E5A4-454A-B10A-477FDCC62C9C}"
EndProject
Global
	GlobalSection(SolutionConfigurationPlatforms) = preSolution
		Debug|Any CPU = Debug|Any CPU
		Release|Any CPU = Release|Any CPU
	EndGlobalSection
	GlobalSection(ProjectConfigurationPlatforms) = postSolution
		{098360ED-0C0A-457A-BE7E-D2B48E24FD1C}.Debug|Any CPU.ActiveCfg = Debug|Any CPU
		{098360ED-0C0A-457A-BE7E-D2B48E24FD1C}.Debug|Any CPU.Build.0 = Debug|Any CPU
		{098360ED-0C0A-457A-BE7E-D2B48E24FD1C}.Release|Any CPU.ActiveCfg = Release|Any CPU
		{098360ED-0C0A-457A-BE7E-D2B48E24FD1C}.Release|Any CPU.Build.0 = Release|Any CPU
		{790D9566-5E97-4753-89B0-BB781491CAE3}.Debug|Any CPU.ActiveCfg = Debug|Any CPU
		{790D9566-5E97-4753-89B0-BB781491CAE3}.Debug|Any CPU.Build.0 = Debug|Any CPU
		{790D9566-5E97-4753-89B0-BB781491CAE3}.Release|Any CPU.ActiveCfg = Release|Any CPU
		{790D9566-5E97-4753-89B0-BB781491CAE3}.Release|Any CPU.Build.0 = Release|Any CPU
		{2E18FF77-08F6-4C75-9944-69F05C74E73A}.Debug|Any CPU.ActiveCfg = Debug|Any CPU
		{2E18FF77-08F6-4C75-9944-69F05C74E73A}.Debug|Any CPU.Build.0 = Debug|Any CPU
		{2E18FF77-08F6-4C75-9944-69F05C74E73A}.Release|Any CPU.ActiveCfg = Release|Any CPU
		{2E18FF77-08F6-4C75-9944-69F05C74E73A}.Release|Any CPU.Build.0 = Release|Any CPU
		{0EA1172B-9E20-4D8B-ABB1-0880FB54333C}.Debug|Any CPU.ActiveCfg = Debug|Any CPU
		{0EA1172B-9E20-4D8B-ABB1-0880FB54333C}.Debug|Any CPU.Build.0 = Debug|Any CPU
		{0EA1172B-9E20-4D8B-ABB1-0880FB54333C}.Release|Any CPU.ActiveCfg = Release|Any CPU
		{0EA1172B-9E20-4D8B-ABB1-0880FB54333C}.Release|Any CPU.Build.0 = Release|Any CPU
		{65CD447C-E5A4-454A-B10A-477FDCC62C9C}.Debug|Any CPU.ActiveCfg = Debug|Any CPU
		{65CD447C-E5A4-454A-B10A-477FDCC62C9C}.Debug|Any CPU.Build.0 = Debug|Any CPU
		{65CD447C-E5A4-454A-B10A-477FDCC62C9C}.Release|Any CPU.ActiveCfg = Release|Any CPU
		{65CD447C-E5A4-454A-B10A-477FDCC62C9C}.Release|Any CPU.Build.0 = Release|Any CPU
	EndGlobalSection
	GlobalSection(NestedProjects) = preSolution
	EndGlobalSection
EndGlobal
